
Microsoft Visual Studio Solution File, Format Version 12.00
Project("{FAE04EC0-301F-11D3-BF4B-00C04F79EFBC}") = "TP1", "TP1\TP1.csproj", "{13190810-8BFB-4FFD-817E-910978BCFB87}"
EndProject
Project("{FAE04EC0-301F-11D3-BF4B-00C04F79EFBC}") = "TestTP1", "TestTP1\TestTP1.csproj", "{AC9783E0-2B3E-4FEA-AF40-5E0C854D4381}"
EndProject
Global
	GlobalSection(SolutionConfigurationPlatforms) = preSolution
		Debug|Any CPU = Debug|Any CPU
		Release|Any CPU = Release|Any CPU
	EndGlobalSection
	GlobalSection(ProjectConfigurationPlatforms) = postSolution
		{13190810-8BFB-4FFD-817E-910978BCFB87}.Debug|Any CPU.ActiveCfg = Debug|Any CPU
		{13190810-8BFB-4FFD-817E-910978BCFB87}.Debug|Any CPU.Build.0 = Debug|Any CPU
		{13190810-8BFB-4FFD-817E-910978BCFB87}.Release|Any CPU.ActiveCfg = Release|Any CPU
		{13190810-8BFB-4FFD-817E-910978BCFB87}.Release|Any CPU.Build.0 = Release|Any CPU
		{AC9783E0-2B3E-4FEA-AF40-5E0C854D4381}.Debug|Any CPU.ActiveCfg = Debug|Any CPU
		{AC9783E0-2B3E-4FEA-AF40-5E0C854D4381}.Debug|Any CPU.Build.0 = Debug|Any CPU
		{AC9783E0-2B3E-4FEA-AF40-5E0C854D4381}.Release|Any CPU.ActiveCfg = Release|Any CPU
		{AC9783E0-2B3E-4FEA-AF40-5E0C854D4381}.Release|Any CPU.Build.0 = Release|Any CPU
	EndGlobalSection
EndGlobal
